lockfileVersion: '6.0'

settings:
  autoInstallPeers: true
  excludeLinksFromLockfile: false

dependencies:
  '@discordjs/rest':
    specifier: ^2.2.0
    version: 2.2.0
  commander:
    specifier: ^11.1.0
    version: 11.1.0
  discord-api-types:
    specifier: ^0.37.65
    version: 0.37.65
  yaml:
    specifier: ^2.3.4
    version: 2.3.4

devDependencies:
  '@types/node':
    specifier: ^20.10.3
    version: 20.10.3
  typescript:
    specifier: ^5.3.2
    version: 5.3.2

packages:

  /@discordjs/collection@2.0.0:
    resolution: {integrity: sha512-YTWIXLrf5FsrLMycpMM9Q6vnZoR/lN2AWX23/Cuo8uOOtS8eHB2dyQaaGnaF8aZPYnttf2bkLMcXn/j6JUOi3w==}
    engines: {node: '>=18'}
    dev: false

  /@discordjs/rest@2.2.0:
    resolution: {integrity: sha512-nXm9wT8oqrYFRMEqTXQx9DUTeEtXUDMmnUKIhZn6O2EeDY9VCdwj23XCPq7fkqMPKdF7ldAfeVKyxxFdbZl59A==}
    engines: {node: '>=16.11.0'}
    dependencies:
      '@discordjs/collection': 2.0.0
      '@discordjs/util': 1.0.2
      '@sapphire/async-queue': 1.5.1
      '@sapphire/snowflake': 3.5.2
      '@vladfrangu/async_event_emitter': 2.2.4
      discord-api-types: 0.37.61
      magic-bytes.js: 1.6.0
      tslib: 2.6.2
      undici: 5.27.2
    dev: false

  /@discordjs/util@1.0.2:
    resolution: {integrity: sha512-IRNbimrmfb75GMNEjyznqM1tkI7HrZOf14njX7tCAAUetyZM1Pr8hX/EK2lxBCOgWDRmigbp24fD1hdMfQK5lw==}
    engines: {node: '>=16.11.0'}
    dev: false

  /@fastify/busboy@2.1.0:
    resolution: {integrity: sha512-+KpH+QxZU7O4675t3mnkQKcZZg56u+K/Ct2K+N2AZYNVK8kyeo/bI18tI8aPm3tvNNRyTWfj6s5tnGNlcbQRsA==}
    engines: {node: '>=14'}
    dev: false

  /@sapphire/async-queue@1.5.1:
    resolution: {integrity: sha512-1RdpsmDQR/aWfp8oJzPtn4dNQrbpqSL5PIA0uAB/XwerPXUf994Ug1au1e7uGcD7ei8/F63UDjr5GWps1g/HxQ==}
    engines: {node: '>=v14.0.0', npm: '>=7.0.0'}
    dev: false

  /@sapphire/snowflake@3.5.2:
    resolution: {integrity: sha512-FTm9RdyELF21PQN5dS/HLRs90XqWclHa+p0gkonc+BA2X2QKfFySHSjUbO65rmArd/ghR9Ahj2fMfedTZEqzOw==}
    engines: {node: '>=v14.0.0', npm: '>=7.0.0'}
    dev: false

  /@types/node@20.10.3:
    resolution: {integrity: sha512-XJavIpZqiXID5Yxnxv3RUDKTN5b81ddNC3ecsA0SoFXz/QU8OGBwZGMomiq0zw+uuqbL/krztv/DINAQ/EV4gg==}
    dependencies:
      undici-types: 5.26.5
    dev: true

  /@vladfrangu/async_event_emitter@2.2.4:
    resolution: {integrity: sha512-ButUPz9E9cXMLgvAW8aLAKKJJsPu1dY1/l/E8xzLFuysowXygs6GBcyunK9rnGC4zTsnIc2mQo71rGw9U+Ykug==}
    engines: {node: '>=v14.0.0', npm: '>=7.0.0'}
    dev: false

  /commander@11.1.0:
    resolution: {integrity: sha512-yPVavfyCcRhmorC7rWlkHn15b4wDVgVmBA7kV4QVBsF7kv/9TKJAbAXVTxvTnwP8HHKjRCJDClKbciiYS7p0DQ==}
    engines: {node: '>=16'}
    dev: false

  /discord-api-types@0.37.61:
    resolution: {integrity: sha512-o/dXNFfhBpYHpQFdT6FWzeO7pKc838QeeZ9d91CfVAtpr5XLK4B/zYxQbYgPdoMiTDvJfzcsLW5naXgmHGDNXw==}
    dev: false

  /discord-api-types@0.37.65:
    resolution: {integrity: sha512-CQHW3Nu04LEHIj1Xps/sfGhTdrowilxnek2tirpLhwvrmgmLr1C6A+4JFLs+0kJMH2IX2QgDyA9GfNehqN+xPQ==}
    dev: false

  /magic-bytes.js@1.6.0:
    resolution: {integrity: sha512-eOGBE+NSCwU9dKKox93BPHjX4KSxIuiRY1/H1lkfxIagT0Llhs6bkRk8iqoP/0aeDl7FEZPa+ln5lay5mcNY4w==}
    dev: false

  /tslib@2.6.2:
    resolution: {integrity: sha512-AEYxH93jGFPn/a2iVAwW87VuUIkR1FVUKB77NwMF7nBTDkDrrT/Hpt/IrCJ0QXhW27jTBDcf5ZY7w6RiqTMw2Q==}
    dev: false

  /typescript@5.3.2:
    resolution: {integrity: sha512-6l+RyNy7oAHDfxC4FzSJcz9vnjTKxrLpDG5M2Vu4SHRVNg6xzqZp6LYSR9zjqQTu8DU/f5xwxUdADOkbrIX2gQ==}
    engines: {node: '>=14.17'}
    hasBin: true
    dev: true

  /undici-types@5.26.5:
    resolution: {integrity: sha512-JlCMO+ehdEIKqlFxk6IfVoAUVmgz7cU7zD/h9XZ0qzeosSHmUJVOzSQvvYSYWXkFXC+IfLKSIffhv0sVZup6pA==}
    dev: true

  /undici@5.27.2:
    resolution: {integrity: sha512-iS857PdOEy/y3wlM3yRp+6SNQQ6xU0mmZcwRSriqk+et/cwWAtwmIGf6WkoDN2EK/AMdCO/dfXzIwi+rFMrjjQ==}
    engines: {node: '>=14.0'}
    dependencies:
      '@fastify/busboy': 2.1.0
    dev: false

  /yaml@2.3.4:
    resolution: {integrity: sha512-8aAvwVUSHpfEqTQ4w/KMlf3HcRdt50E5ODIQJBw1fQ5RL34xabzxtUlzTXVqc4rkZsPbvrXKWnABCD7kWSmocA==}
    engines: {node: '>= 14'}
    dev: false
